# This file was autogenerated by Stack.
# You should not edit this file by hand.
# For more information, please see the documentation at:
#   https://docs.haskellstack.org/en/stable/lock_files

packages:
- completed:
    hackage: discord-haskell-1.8.0@sha256:420515069c5be313dd31d16e9a4b163d2b3fdda18ba18e98cbb0b0536cbae136,3562
    pantry-tree:
      size: 2108
      sha256: 2d32f71b9d3e32f797ad6d614d748b491350ff0febb7e7bfc6f7fb595d752a0d
  original:
    hackage: discord-haskell-1.8.0@sha256:420515069c5be313dd31d16e9a4b163d2b3fdda18ba18e98cbb0b0536cbae136,3562
- completed:
    hackage: emoji-0.1.0.2@sha256:d995572a5c7dcd28f98eb15c6e387a7b3bda1ac2477ab0d9dba8580d5d7b161f,1273
    pantry-tree:
      size: 437
      sha256: dd9ea90a631342e5db0fc21331ade4d563a685e9125d5a3989eefa8e1b96c6c6
  original:
    hackage: emoji-0.1.0.2@sha256:d995572a5c7dcd28f98eb15c6e387a7b3bda1ac2477ab0d9dba8580d5d7b161f,1273
- completed:
    hackage: twitter-conduit-0.5.0@sha256:20b740932f55e9e52bc4c7fd55f30e4360be47d6bb582221098f29530127e6da,3763
    pantry-tree:
      size: 2704
      sha256: ed11210e902fda02bb74527c9251739d44d966c32cab97ce8ebede8c27497dbf
  original:
    hackage: twitter-conduit-0.5.0
- completed:
    hackage: twitter-types-0.10.1@sha256:5ebed648815b96f54b0b1d3e86b3443d8900a86ce3ab885d71fb8c1ba5aacbc0,1568
    pantry-tree:
      size: 2921
      sha256: 5edadc18ca570a7e53ef3b78415b7df64b429ee4374acfd604ee09a1d3bb10d6
  original:
    hackage: twitter-types-0.10.1@sha256:5ebed648815b96f54b0b1d3e86b3443d8900a86ce3ab885d71fb8c1ba5aacbc0,1568
- completed:
    hackage: twitter-types-lens-0.10.0@sha256:c9589b49b92e0ca3f2b0472959d5ca9f26589caa8b3af182fcd9697dda570751,974
    pantry-tree:
      size: 295
      sha256: 8f9b475ca94cb8394bfce6705433c323494a0b8bfbf284158d5e3a7a8ddd72e6
  original:
    hackage: twitter-types-lens-0.10.0@sha256:c9589b49b92e0ca3f2b0472959d5ca9f26589caa8b3af182fcd9697dda570751,974
snapshots:
- completed:
    size: 532386
    url: https://raw.githubusercontent.com/commercialhaskell/stackage-snapshots/master/lts/16/17.yaml
    sha256: d3ee1ae797cf63189c95cf27f00700304946c5cb3c1e6a82001cd6584a221e1b
  original: lts-16.17
